dependencies:
- name: prism-lts-local
  repository: file://local-charts/prism-lts-local
  version: 0.1.0
- name: prism-lts-dev
  repository: file://local-charts/prism-lts-dev
  version: 0.1.0
- name: prism-lts-prod
  repository: file://local-charts/prism-lts-prod
  version: 0.1.0
- name: prism-lts-test
  repository: file://local-charts/prism-lts-test
  version: 0.1.0
- name: local-kafka
  repository: file://../local-kafka
  version: 0.1.0
digest: sha256:e6de2711cd7abcbe572c77a3db909a7c937a61dd6946d2e6be8986623c2052e1
generated: 2017-12-28T13:22:46.873489141-07:00
