dependencies:
- name: prism-lts-local
  repository: file://local-charts/prism-lts-local
  version: 0.1.0
- name: prism-lts-dev
  repository: file://local-charts/prism-lts-dev
  version: 0.1.0
- name: prism-lts-prod
  repository: file://local-charts/prism-lts-prod
  version: 0.1.0
- name: prism-lts-test
  repository: file://local-charts/prism-lts-test
  version: 0.1.0
- name: local-kafka
  repository: https://0b4eb2e13b61b1c0c2db1662f583b0229cfebb72@raw.githubusercontent.com/sts-atlas/prism-helm-repo/master/
  version: 0.2.0
digest: sha256:3d6eef1158acc11f707b19c7c2c7dd8573a3cd7575d119c05d2a087e46ee5d5b
generated: 2018-03-26T12:21:40.105089661-06:00
